
Microsoft Visual Studio Solution File, Format Version 12.00
# Visual Studio Version 17
VisualStudioVersion = 17.11.35303.130
MinimumVisualStudioVersion = 10.0.40219.1
Project("{FAE04EC0-301F-11D3-BF4B-00C04F79EFBC}") = "relational-operators", "relational-operators\relational-operators.csproj", "{76DE4335-FA4C-410F-BE13-050C5635EC55}"
EndProject
Global
	GlobalSection(SolutionConfigurationPlatforms) = preSolution
		Debug|Any CPU = Debug|Any CPU
		Release|Any CPU = Release|Any CPU
	EndGlobalSection
	GlobalSection(ProjectConfigurationPlatforms) = postSolution
		{76DE4335-FA4C-410F-BE13-050C5635EC55}.Debug|Any CPU.ActiveCfg = Debug|Any CPU
		{76DE4335-FA4C-410F-BE13-050C5635EC55}.Debug|Any CPU.Build.0 = Debug|Any CPU
		{76DE4335-FA4C-410F-BE13-050C5635EC55}.Release|Any CPU.ActiveCfg = Release|Any CPU
		{76DE4335-FA4C-410F-BE13-050C5635EC55}.Release|Any CPU.Build.0 = Release|Any CPU
	EndGlobalSection
	GlobalSection(SolutionProperties) = preSolution
		HideSolutionNode = FALSE
	EndGlobalSection
	GlobalSection(ExtensibilityGlobals) = postSolution
		SolutionGuid = {98B0C1F5-4129-4EDF-A2FE-229C826F8CCA}
	EndGlobalSection
EndGlobal
